
Microsoft Visual Studio Solution File, Format Version 12.00
# Visual Studio Version 16
VisualStudioVersion = 16.0.31025.194
MinimumVisualStudioVersion = 10.0.40219.1
Project("{FAE04EC0-301F-11D3-BF4B-00C04F79EFBC}") = "RegistroSecundario", "RegistroSecundario.csproj", "{B75C6DAA-C90D-40B0-A3FC-EDC8160BFD29}"
EndProject
Global
	GlobalSection(SolutionConfigurationPlatforms) = preSolution
		Debug|Any CPU = Debug|Any CPU
		Release|Any CPU = Release|Any CPU
	EndGlobalSection
	GlobalSection(ProjectConfigurationPlatforms) = postSolution
		{B75C6DAA-C90D-40B0-A3FC-EDC8160BFD29}.Debug|Any CPU.ActiveCfg = Debug|Any CPU
		{B75C6DAA-C90D-40B0-A3FC-EDC8160BFD29}.Debug|Any CPU.Build.0 = Debug|Any CPU
		{B75C6DAA-C90D-40B0-A3FC-EDC8160BFD29}.Release|Any CPU.ActiveCfg = Release|Any CPU
		{B75C6DAA-C90D-40B0-A3FC-EDC8160BFD29}.Release|Any CPU.Build.0 = Release|Any CPU
	EndGlobalSection
	GlobalSection(SolutionProperties) = preSolution
		HideSolutionNode = FALSE
	EndGlobalSection
	GlobalSection(ExtensibilityGlobals) = postSolution
		SolutionGuid = {E1D09084-5C78-4183-B3F8-F1EA08E53FE2}
	EndGlobalSection
EndGlobal
